
Microsoft Visual Studio Solution File, Format Version 12.00
# Visual Studio Version 17
VisualStudioVersion = 17.5.33627.172
MinimumVisualStudioVersion = 10.0.40219.1
Project("{FAE04EC0-301F-11D3-BF4B-00C04F79EFBC}") = "Module25.Homework", "Module25.Homework.csproj", "{EF7AB341-8D80-4A8F-82AC-54F4BD0B9C21}"
EndProject
Global
	GlobalSection(SolutionConfigurationPlatforms) = preSolution
		Debug|Any CPU = Debug|Any CPU
		Release|Any CPU = Release|Any CPU
	EndGlobalSection
	GlobalSection(ProjectConfigurationPlatforms) = postSolution
		{EF7AB341-8D80-4A8F-82AC-54F4BD0B9C21}.Debug|Any CPU.ActiveCfg = Debug|Any CPU
		{EF7AB341-8D80-4A8F-82AC-54F4BD0B9C21}.Debug|Any CPU.Build.0 = Debug|Any CPU
		{EF7AB341-8D80-4A8F-82AC-54F4BD0B9C21}.Release|Any CPU.ActiveCfg = Release|Any CPU
		{EF7AB341-8D80-4A8F-82AC-54F4BD0B9C21}.Release|Any CPU.Build.0 = Release|Any CPU
	EndGlobalSection
	GlobalSection(SolutionProperties) = preSolution
		HideSolutionNode = FALSE
	EndGlobalSection
	GlobalSection(ExtensibilityGlobals) = postSolution
		SolutionGuid = {304708CF-EC92-486B-AC93-4D8A8480022C}
	EndGlobalSection
EndGlobal
